
Microsoft Visual Studio Solution File, Format Version 12.00
# Visual Studio 15
VisualStudioVersion = 15.0.27130.2026
MinimumVisualStudioVersion = 10.0.40219.1
Project("{FAE04EC0-301F-11D3-BF4B-00C04F79EFBC}") = "ExAPI", "ExAPI\ExAPI.csproj", "{9599FBDA-2965-4DEF-BB75-67D73A82C447}"
EndProject
Project("{FAE04EC0-301F-11D3-BF4B-00C04F79EFBC}") = "ExApiLib", "ExApiLib\ExApiLib.csproj", "{AF3CFB34-BC9B-4694-84CF-8FBEF8505245}"
EndProject
Global
	GlobalSection(SolutionConfigurationPlatforms) = preSolution
		Debug|Any CPU = Debug|Any CPU
		Release|Any CPU = Release|Any CPU
	EndGlobalSection
	GlobalSection(ProjectConfigurationPlatforms) = postSolution
		{9599FBDA-2965-4DEF-BB75-67D73A82C447}.Debug|Any CPU.ActiveCfg = Debug|Any CPU
		{9599FBDA-2965-4DEF-BB75-67D73A82C447}.Debug|Any CPU.Build.0 = Debug|Any CPU
		{9599FBDA-2965-4DEF-BB75-67D73A82C447}.Release|Any CPU.ActiveCfg = Release|Any CPU
		{9599FBDA-2965-4DEF-BB75-67D73A82C447}.Release|Any CPU.Build.0 = Release|Any CPU
		{AF3CFB34-BC9B-4694-84CF-8FBEF8505245}.Debug|Any CPU.ActiveCfg = Debug|Any CPU
		{AF3CFB34-BC9B-4694-84CF-8FBEF8505245}.Debug|Any CPU.Build.0 = Debug|Any CPU
		{AF3CFB34-BC9B-4694-84CF-8FBEF8505245}.Release|Any CPU.ActiveCfg = Release|Any CPU
		{AF3CFB34-BC9B-4694-84CF-8FBEF8505245}.Release|Any CPU.Build.0 = Release|Any CPU
	EndGlobalSection
	GlobalSection(SolutionProperties) = preSolution
		HideSolutionNode = FALSE
	EndGlobalSection
	GlobalSection(ExtensibilityGlobals) = postSolution
		SolutionGuid = {2FF5DBC1-A2DF-4048-83F3-E246FDC9E9F0}
	EndGlobalSection
EndGlobal
